
Microsoft Visual Studio Solution File, Format Version 12.00
# Visual Studio Version 17
VisualStudioVersion = 17.14.36401.2 d17.14
MinimumVisualStudioVersion = 10.0.40219.1
Project("{FAE04EC0-301F-11D3-BF4B-00C04F79EFBC}") = "FormSubmission", "FormSubmission\FormSubmission.csproj", "{D274A565-F9A6-48AF-AD1B-B1899E31857E}"
EndProject
Global
	GlobalSection(SolutionConfigurationPlatforms) = preSolution
		Debug|Any CPU = Debug|Any CPU
		Release|Any CPU = Release|Any CPU
	EndGlobalSection
	GlobalSection(ProjectConfigurationPlatforms) = postSolution
		{D274A565-F9A6-48AF-AD1B-B1899E31857E}.Debug|Any CPU.ActiveCfg = Debug|Any CPU
		{D274A565-F9A6-48AF-AD1B-B1899E31857E}.Debug|Any CPU.Build.0 = Debug|Any CPU
		{D274A565-F9A6-48AF-AD1B-B1899E31857E}.Release|Any CPU.ActiveCfg = Release|Any CPU
		{D274A565-F9A6-48AF-AD1B-B1899E31857E}.Release|Any CPU.Build.0 = Release|Any CPU
	EndGlobalSection
	GlobalSection(SolutionProperties) = preSolution
		HideSolutionNode = FALSE
	EndGlobalSection
	GlobalSection(ExtensibilityGlobals) = postSolution
		SolutionGuid = {CEEFD72F-9EE7-4D4F-931D-DD91D8D26CEC}
	EndGlobalSection
EndGlobal
