
Microsoft Visual Studio Solution File, Format Version 12.00
# Visual Studio Version 17
VisualStudioVersion = 17.14.36401.2 d17.14
MinimumVisualStudioVersion = 10.0.40219.1
Project("{FAE04EC0-301F-11D3-BF4B-00C04F79EFBC}") = "CrudOperation", "CrudOperation\CrudOperation.csproj", "{348EE707-962B-452B-B492-820885DCDFE2}"
EndProject
Global
	GlobalSection(SolutionConfigurationPlatforms) = preSolution
		Debug|Any CPU = Debug|Any CPU
		Release|Any CPU = Release|Any CPU
	EndGlobalSection
	GlobalSection(ProjectConfigurationPlatforms) = postSolution
		{348EE707-962B-452B-B492-820885DCDFE2}.Debug|Any CPU.ActiveCfg = Debug|Any CPU
		{348EE707-962B-452B-B492-820885DCDFE2}.Debug|Any CPU.Build.0 = Debug|Any CPU
		{348EE707-962B-452B-B492-820885DCDFE2}.Release|Any CPU.ActiveCfg = Release|Any CPU
		{348EE707-962B-452B-B492-820885DCDFE2}.Release|Any CPU.Build.0 = Release|Any CPU
	EndGlobalSection
	GlobalSection(SolutionProperties) = preSolution
		HideSolutionNode = FALSE
	EndGlobalSection
	GlobalSection(ExtensibilityGlobals) = postSolution
		SolutionGuid = {5BF7C7CB-A9A3-40FE-AEB0-5E19E8481553}
	EndGlobalSection
EndGlobal
