
Microsoft Visual Studio Solution File, Format Version 12.00
# Visual Studio Version 17
VisualStudioVersion = 17.14.36401.2 d17.14
MinimumVisualStudioVersion = 10.0.40219.1
Project("{FAE04EC0-301F-11D3-BF4B-00C04F79EFBC}") = "Project", "Project\Project.csproj", "{3D8BBBB4-F434-4498-8612-DE6577CA8624}"
EndProject
Project("{FAE04EC0-301F-11D3-BF4B-00C04F79EFBC}") = "BLL", "BLL\BLL.csproj", "{F9239393-5C89-42AC-8643-A1E53DF5B704}"
EndProject
Project("{FAE04EC0-301F-11D3-BF4B-00C04F79EFBC}") = "DAL", "DAL\DAL.csproj", "{EFC1046E-EDC6-4A22-AF49-81B00F772865}"
EndProject
Global
	GlobalSection(SolutionConfigurationPlatforms) = preSolution
		Debug|Any CPU = Debug|Any CPU
		Release|Any CPU = Release|Any CPU
	EndGlobalSection
	GlobalSection(ProjectConfigurationPlatforms) = postSolution
		{3D8BBBB4-F434-4498-8612-DE6577CA8624}.Debug|Any CPU.ActiveCfg = Debug|Any CPU
		{3D8BBBB4-F434-4498-8612-DE6577CA8624}.Debug|Any CPU.Build.0 = Debug|Any CPU
		{3D8BBBB4-F434-4498-8612-DE6577CA8624}.Release|Any CPU.ActiveCfg = Release|Any CPU
		{3D8BBBB4-F434-4498-8612-DE6577CA8624}.Release|Any CPU.Build.0 = Release|Any CPU
		{F9239393-5C89-42AC-8643-A1E53DF5B704}.Debug|Any CPU.ActiveCfg = Debug|Any CPU
		{F9239393-5C89-42AC-8643-A1E53DF5B704}.Debug|Any CPU.Build.0 = Debug|Any CPU
		{F9239393-5C89-42AC-8643-A1E53DF5B704}.Release|Any CPU.ActiveCfg = Release|Any CPU
		{F9239393-5C89-42AC-8643-A1E53DF5B704}.Release|Any CPU.Build.0 = Release|Any CPU
		{EFC1046E-EDC6-4A22-AF49-81B00F772865}.Debug|Any CPU.ActiveCfg = Debug|Any CPU
		{EFC1046E-EDC6-4A22-AF49-81B00F772865}.Debug|Any CPU.Build.0 = Debug|Any CPU
		{EFC1046E-EDC6-4A22-AF49-81B00F772865}.Release|Any CPU.ActiveCfg = Release|Any CPU
		{EFC1046E-EDC6-4A22-AF49-81B00F772865}.Release|Any CPU.Build.0 = Release|Any CPU
	EndGlobalSection
	GlobalSection(SolutionProperties) = preSolution
		HideSolutionNode = FALSE
	EndGlobalSection
	GlobalSection(ExtensibilityGlobals) = postSolution
		SolutionGuid = {6505E7F5-946A-4881-9D42-23211889C9B2}
	EndGlobalSection
EndGlobal
