
Microsoft Visual Studio Solution File, Format Version 12.00
# Visual Studio Version 17
VisualStudioVersion = 17.14.36401.2 d17.14
MinimumVisualStudioVersion = 10.0.40219.1
Project("{FAE04EC0-301F-11D3-BF4B-00C04F79EFBC}") = "Project_EComm", "Project_EComm\Project_EComm.csproj", "{0B7344DB-B882-4A5B-8BB1-21E5112C1D64}"
EndProject
Global
	GlobalSection(SolutionConfigurationPlatforms) = preSolution
		Debug|Any CPU = Debug|Any CPU
		Release|Any CPU = Release|Any CPU
	EndGlobalSection
	GlobalSection(ProjectConfigurationPlatforms) = postSolution
		{0B7344DB-B882-4A5B-8BB1-21E5112C1D64}.Debug|Any CPU.ActiveCfg = Debug|Any CPU
		{0B7344DB-B882-4A5B-8BB1-21E5112C1D64}.Debug|Any CPU.Build.0 = Debug|Any CPU
		{0B7344DB-B882-4A5B-8BB1-21E5112C1D64}.Release|Any CPU.ActiveCfg = Release|Any CPU
		{0B7344DB-B882-4A5B-8BB1-21E5112C1D64}.Release|Any CPU.Build.0 = Release|Any CPU
	EndGlobalSection
	GlobalSection(SolutionProperties) = preSolution
		HideSolutionNode = FALSE
	EndGlobalSection
	GlobalSection(ExtensibilityGlobals) = postSolution
		SolutionGuid = {27D0C77C-0D35-4087-B906-0F63ADC70044}
	EndGlobalSection
EndGlobal
